
Microsoft Visual Studio Solution File, Format Version 12.00
# Visual Studio Version 17
VisualStudioVersion = 17.11.35219.272
MinimumVisualStudioVersion = 10.0.40219.1
Project("{FAE04EC0-301F-11D3-BF4B-00C04F79EFBC}") = "Calculator", "Calculator\Calculator.csproj", "{C8C566A6-891B-4AE7-95C0-4E9CF7693DD8}"
EndProject
Global
	GlobalSection(SolutionConfigurationPlatforms) = preSolution
		Debug|Any CPU = Debug|Any CPU
		Release|Any CPU = Release|Any CPU
	EndGlobalSection
	GlobalSection(ProjectConfigurationPlatforms) = postSolution
		{C8C566A6-891B-4AE7-95C0-4E9CF7693DD8}.Debug|Any CPU.ActiveCfg = Debug|Any CPU
		{C8C566A6-891B-4AE7-95C0-4E9CF7693DD8}.Debug|Any CPU.Build.0 = Debug|Any CPU
		{C8C566A6-891B-4AE7-95C0-4E9CF7693DD8}.Release|Any CPU.ActiveCfg = Release|Any CPU
		{C8C566A6-891B-4AE7-95C0-4E9CF7693DD8}.Release|Any CPU.Build.0 = Release|Any CPU
	EndGlobalSection
	GlobalSection(SolutionProperties) = preSolution
		HideSolutionNode = FALSE
	EndGlobalSection
	GlobalSection(ExtensibilityGlobals) = postSolution
		SolutionGuid = {A08EE65D-4D29-444E-A4E5-094F45F881D1}
	EndGlobalSection
EndGlobal
